
Microsoft Visual Studio Solution File, Format Version 12.00
# Visual Studio Version 16
VisualStudioVersion = 16.0.31911.196
MinimumVisualStudioVersion = 10.0.40219.1
Project("{FAE04EC0-301F-11D3-BF4B-00C04F79EFBC}") = "Exam_Api", "Exam_Api\Exam_Api.csproj", "{EB11A722-DC1A-4816-B28E-CE91B4427D00}"
EndProject
Global
	GlobalSection(SolutionConfigurationPlatforms) = preSolution
		Debug|Any CPU = Debug|Any CPU
		Release|Any CPU = Release|Any CPU
	EndGlobalSection
	GlobalSection(ProjectConfigurationPlatforms) = postSolution
		{EB11A722-DC1A-4816-B28E-CE91B4427D00}.Debug|Any CPU.ActiveCfg = Debug|Any CPU
		{EB11A722-DC1A-4816-B28E-CE91B4427D00}.Debug|Any CPU.Build.0 = Debug|Any CPU
		{EB11A722-DC1A-4816-B28E-CE91B4427D00}.Release|Any CPU.ActiveCfg = Release|Any CPU
		{EB11A722-DC1A-4816-B28E-CE91B4427D00}.Release|Any CPU.Build.0 = Release|Any CPU
	EndGlobalSection
	GlobalSection(SolutionProperties) = preSolution
		HideSolutionNode = FALSE
	EndGlobalSection
	GlobalSection(ExtensibilityGlobals) = postSolution
		SolutionGuid = {5BA65E2D-2710-4FD5-A2CF-38B23E919FE6}
	EndGlobalSection
EndGlobal
